
Microsoft Visual Studio Solution File, Format Version 12.00
# Visual Studio Version 16
VisualStudioVersion = 16.0.29509.3
MinimumVisualStudioVersion = 10.0.40219.1
Project("{FAE04EC0-301F-11D3-BF4B-00C04F79EFBC}") = "dotNet5780_03_1384_1072", "dotNet5780_03_1384_1072\dotNet5780_03_1384_1072.csproj", "{DBBA0833-6845-46F6-B6BD-9579160ED619}"
EndProject
Global
	GlobalSection(SolutionConfigurationPlatforms) = preSolution
		Debug|Any CPU = Debug|Any CPU
		Release|Any CPU = Release|Any CPU
	EndGlobalSection
	GlobalSection(ProjectConfigurationPlatforms) = postSolution
		{DBBA0833-6845-46F6-B6BD-9579160ED619}.Debug|Any CPU.ActiveCfg = Debug|Any CPU
		{DBBA0833-6845-46F6-B6BD-9579160ED619}.Debug|Any CPU.Build.0 = Debug|Any CPU
		{DBBA0833-6845-46F6-B6BD-9579160ED619}.Release|Any CPU.ActiveCfg = Release|Any CPU
		{DBBA0833-6845-46F6-B6BD-9579160ED619}.Release|Any CPU.Build.0 = Release|Any CPU
	EndGlobalSection
	GlobalSection(SolutionProperties) = preSolution
		HideSolutionNode = FALSE
	EndGlobalSection
	GlobalSection(ExtensibilityGlobals) = postSolution
		SolutionGuid = {83A1A4E1-FB4D-46F7-A07B-B1DB21D4958E}
	EndGlobalSection
EndGlobal
